// !$*UTF8*$!
{
	archiveVersion = 1;
	classes = {
	};
	objectVersion = 46;
	objects = {

/* Begin PBXBuildFile section */
		B005F5A31B339B100091DE50 /* AppDelegate.swift in Sources */ = {isa = PBXBuildFile; fileRef = B005F5A21B339B100091DE50 /* AppDelegate.swift */; };
		B005F5A51B339B100091DE50 /* ViewController.swift in Sources */ = {isa = PBXBuildFile; fileRef = B005F5A41B339B100091DE50 /* ViewController.swift */; };
		B005F5A81B339B100091DE50 /* Main.storyboard in Resources */ = {isa = PBXBuildFile; fileRef = B005F5A61B339B100091DE50 /* Main.storyboard */; };
		B005F5AA1B339B100091DE50 /* Images.xcassets in Resources */ = {isa = PBXBuildFile; fileRef = B005F5A91B339B100091DE50 /* Images.xcassets */; };
		B005F5AD1B339B100091DE50 /* LaunchScreen.xib in Resources */ = {isa = PBXBuildFile; fileRef = B005F5AB1B339B100091DE50 /* LaunchScreen.xib */; };
		B005F5B91B339B100091DE50 /* Vicinime_iOSTests.swift in Sources */ = {isa = PBXBuildFile; fileRef = B005F5B81B339B100091DE50 /* Vicinime_iOSTests.swift */; };
		B005F5C31B339BA30091DE50 /* Card.xib in Resources */ = {isa = PBXBuildFile; fileRef = B005F5C21B339BA30091DE50 /* Card.xib */; };
		B005F5C51B339C6E0091DE50 /* CardCell.swift in Sources */ = {isa = PBXBuildFile; fileRef = B005F5C41B339C6E0091DE50 /* CardCell.swift */; };
		B005F5C91B33B25C0091DE50 /* cat.jpg in Resources */ = {isa = PBXBuildFile; fileRef = B005F5C81B33B25C0091DE50 /* cat.jpg */; };
/* End PBXBuildFile section */

/* Begin PBXContainerItemProxy section */
		B005F5B31B339B100091DE50 /* PBXContainerItemProxy */ = {
			isa = PBXContainerItemProxy;
			containerPortal = B005F5951B339B100091DE50 /* Project object */;
			proxyType = 1;
			remoteGlobalIDString = B005F59C1B339B100091DE50;
			remoteInfo = "Vicinime-iOS";
		};
/* End PBXContainerItemProxy section */

/* Begin PBXFileReference section */
		B005F59D1B339B100091DE50 /* Vicinime-iOS.app */ = {isa = PBXFileReference; explicitFileType = wrapper.application; includeInIndex = 0; path = "Vicinime-iOS.app"; sourceTree = BUILT_PRODUCTS_DIR; };
		B005F5A11B339B100091DE50 /* Info.plist */ = {isa = PBXFileReference; lastKnownFileType = text.plist.xml; path = Info.plist; sourceTree = "<group>"; };
		B005F5A21B339B100091DE50 /* AppDelegate.swift */ = {isa = PBXFileReference; lastKnownFileType = sourcecode.swift; path = AppDelegate.swift; sourceTree = "<group>"; };
		B005F5A41B339B100091DE50 /* ViewController.swift */ = {isa = PBXFileReference; lastKnownFileType = sourcecode.swift; path = ViewController.swift; sourceTree = "<group>"; };
		B005F5A71B339B100091DE50 /* Base */ = {isa = PBXFileReference; lastKnownFileType = file.storyboard; name = Base; path = Base.lproj/Main.storyboard; sourceTree = "<group>"; };
		B005F5A91B339B100091DE50 /* Images.xcassets */ = {isa = PBXFileReference; lastKnownFileType = folder.assetcatalog; path = Images.xcassets; sourceTree = "<group>"; };
		B005F5AC1B339B100091DE50 /* Base */ = {isa = PBXFileReference; lastKnownFileType = file.xib; name = Base; path = Base.lproj/LaunchScreen.xib; sourceTree = "<group>"; };
		B005F5B21B339B100091DE50 /* Vicinime-iOSTests.xctest */ = {isa = PBXFileReference; explicitFileType = wrapper.cfbundle; includeInIndex = 0; path = "Vicinime-iOSTests.xctest"; sourceTree = BUILT_PRODUCTS_DIR; };
		B005F5B71B339B100091DE50 /* Info.plist */ = {isa = PBXFileReference; lastKnownFileType = text.plist.xml; path = Info.plist; sourceTree = "<group>"; };
		B005F5B81B339B100091DE50 /* Vicinime_iOSTests.swift */ = {isa = PBXFileReference; lastKnownFileType = sourcecode.swift; path = Vicinime_iOSTests.swift; sourceTree = "<group>"; };
		B005F5C21B339BA30091DE50 /* Card.xib */ = {isa = PBXFileReference; fileEncoding = 4; lastKnownFileType = file.xib; path = Card.xib; sourceTree = "<group>"; };
		B005F5C41B339C6E0091DE50 /* CardCell.swift */ = {isa = PBXFileReference; fileEncoding = 4; lastKnownFileType = sourcecode.swift; path = CardCell.swift; sourceTree = "<group>"; };
		B005F5C81B33B25C0091DE50 /* cat.jpg */ = {isa = PBXFileReference; lastKnownFileType = image.jpeg; path = cat.jpg; sourceTree = "<group>"; };
/* End PBXFileReference section */

/* Begin PBXFrameworksBuildPhase section */
		B005F59A1B339B100091DE50 /* Frameworks */ = {
			isa = PBXFrameworksBuildPhase;
			buildActionMask = 2147483647;
			files = (
			);
			runOnlyForDeploymentPostprocessing = 0;
		};
		B005F5AF1B339B100091DE50 /* Frameworks */ = {
			isa = PBXFrameworksBuildPhase;
			buildActionMask = 2147483647;
			files = (
			);
			runOnlyForDeploymentPostprocessing = 0;
		};
/* End PBXFrameworksBuildPhase section */

/* Begin PBXGroup section */
		B005F5941B339B100091DE50 = {
			isa = PBXGroup;
			children = (
				B005F59F1B339B100091DE50 /* Vicinime-iOS */,
				B005F5B51B339B100091DE50 /* Vicinime-iOSTests */,
				B005F59E1B339B100091DE50 /* Products */,
			);
			sourceTree = "<group>";
		};
		B005F59E1B339B100091DE50 /* Products */ = {
			isa = PBXGroup;
			children = (
				B005F59D1B339B100091DE50 /* Vicinime-iOS.app */,
				B005F5B21B339B100091DE50 /* Vicinime-iOSTests.xctest */,
			);
			name = Products;
			sourceTree = "<group>";
		};
		B005F59F1B339B100091DE50 /* Vicinime-iOS */ = {
			isa = PBXGroup;
			children = (
				B005F5A21B339B100091DE50 /* AppDelegate.swift */,
				B005F5A41B339B100091DE50 /* ViewController.swift */,
				B005F5A61B339B100091DE50 /* Main.storyboard */,
				B005F5C41B339C6E0091DE50 /* CardCell.swift */,
				B005F5C21B339BA30091DE50 /* Card.xib */,
				B005F5C81B33B25C0091DE50 /* cat.jpg */,
				B005F5A91B339B100091DE50 /* Images.xcassets */,
				B005F5AB1B339B100091DE50 /* LaunchScreen.xib */,
				B005F5A01B339B100091DE50 /* Supporting Files */,
			);
			path = "Vicinime-iOS";
			sourceTree = "<group>";
		};
		B005F5A01B339B100091DE50 /* Supporting Files */ = {
			isa = PBXGroup;
			children = (
				B005F5A11B339B100091DE50 /* Info.plist */,
			);
			name = "Supporting Files";
			sourceTree = "<group>";
		};
		B005F5B51B339B100091DE50 /* Vicinime-iOSTests */ = {
			isa = PBXGroup;
			children = (
				B005F5B81B339B100091DE50 /* Vicinime_iOSTests.swift */,
				B005F5B61B339B100091DE50 /* Supporting Files */,
			);
			path = "Vicinime-iOSTests";
			sourceTree = "<group>";
		};
		B005F5B61B339B100091DE50 /* Supporting Files */ = {
			isa = PBXGroup;
			children = (
				B005F5B71B339B100091DE50 /* Info.plist */,
			);
			name = "Supporting Files";
			sourceTree = "<group>";
		};
/* End PBXGroup section */

/* Begin PBXNativeTarget section */
		B005F59C1B339B100091DE50 /* Vicinime-iOS */ = {
			isa = PBXNativeTarget;
			buildConfigurationList = B005F5BC1B339B100091DE50 /* Build configuration list for PBXNativeTarget "Vicinime-iOS" */;
			buildPhases = (
				B005F5991B339B100091DE50 /* Sources */,
				B005F59A1B339B100091DE50 /* Frameworks */,
				B005F59B1B339B100091DE50 /* Resources */,
			);
			buildRules = (
			);
			dependencies = (
			);
			name = "Vicinime-iOS";
			productName = "Vicinime-iOS";
			productReference = B005F59D1B339B100091DE50 /* Vicinime-iOS.app */;
			productType = "com.apple.product-type.application";
		};
		B005F5B11B339B100091DE50 /* Vicinime-iOSTests */ = {
			isa = PBXNativeTarget;
			buildConfigurationList = B005F5BF1B339B100091DE50 /* Build configuration list for PBXNativeTarget "Vicinime-iOSTests" */;
			buildPhases = (
				B005F5AE1B339B100091DE50 /* Sources */,
				B005F5AF1B339B100091DE50 /* Frameworks */,
				B005F5B01B339B100091DE50 /* Resources */,
			);
			buildRules = (
			);
			dependencies = (
				B005F5B41B339B100091DE50 /* PBXTargetDependency */,
			);
			name = "Vicinime-iOSTests";
			productName = "Vicinime-iOSTests";
			productReference = B005F5B21B339B100091DE50 /* Vicinime-iOSTests.xctest */;
			productType = "com.apple.product-type.bundle.unit-test";
		};
/* End PBXNativeTarget section */

/* Begin PBXProject section */
		B005F5951B339B100091DE50 /* Project object */ = {
			isa = PBXProject;
			attributes = {
				LastUpgradeCheck = 0630;
				ORGANIZATIONNAME = "Andrew Codispoti";
				TargetAttributes = {
					B005F59C1B339B100091DE50 = {
						CreatedOnToolsVersion = 6.3.2;
					};
					B005F5B11B339B100091DE50 = {
						CreatedOnToolsVersion = 6.3.2;
						TestTargetID = B005F59C1B339B100091DE50;
					};
				};
			};
			buildConfigurationList = B005F5981B339B100091DE50 /* Build configuration list for PBXProject "Vicinime-iOS" */;
			compatibilityVersion = "Xcode 3.2";
			developmentRegion = English;
			hasScannedForEncodings = 0;
			knownRegions = (
				en,
				Base,
			);
			mainGroup = B005F5941B339B100091DE50;
			productRefGroup = B005F59E1B339B100091DE50 /* Products */;
			projectDirPath = "";
			projectRoot = "";
			targets = (
				B005F59C1B339B100091DE50 /* Vicinime-iOS */,
				B005F5B11B339B100091DE50 /* Vicinime-iOSTests */,
			);
		};
/* End PBXProject section */

/* Begin PBXResourcesBuildPhase section */
		B005F59B1B339B100091DE50 /* Resources */ = {
			isa = PBXResourcesBuildPhase;
			buildActionMask = 2147483647;
			files = (
				B005F5C91B33B25C0091DE50 /* cat.jpg in Resources */,
				B005F5A81B339B100091DE50 /* Main.storyboard in Resources */,
				B005F5AD1B339B100091DE50 /* LaunchScreen.xib in Resources */,
				B005F5AA1B339B100091DE50 /* Images.xcassets in Resources */,
				B005F5C31B339BA30091DE50 /* Card.xib in Resources */,
			);
			runOnlyForDeploymentPostprocessing = 0;
		};
		B005F5B01B339B100091DE50 /* Resources */ = {
			isa = PBXResourcesBuildPhase;
			buildActionMask = 2147483647;
			files = (
			);
			runOnlyForDeploymentPostprocessing = 0;
		};
/* End PBXResourcesBuildPhase section */

/* Begin PBXSourcesBuildPhase section */
		B005F5991B339B100091DE50 /* Sources */ = {
			isa = PBXSourcesBuildPhase;
			buildActionMask = 2147483647;
			files = (
				B005F5A51B339B100091DE50 /* ViewController.swift in Sources */,
				B005F5A31B339B100091DE50 /* AppDelegate.swift in Sources */,
				B005F5C51B339C6E0091DE50 /* CardCell.swift in Sources */,
			);
			runOnlyForDeploymentPostprocessing = 0;
		};
		B005F5AE1B339B100091DE50 /* Sources */ = {
			isa = PBXSourcesBuildPhase;
			buildActionMask = 2147483647;
			files = (
				B005F5B91B339B100091DE50 /* Vicinime_iOSTests.swift in Sources */,
			);
			runOnlyForDeploymentPostprocessing = 0;
		};
/* End PBXSourcesBuildPhase section */

/* Begin PBXTargetDependency section */
		B005F5B41B339B100091DE50 /* PBXTargetDependency */ = {
			isa = PBXTargetDependency;
			target = B005F59C1B339B100091DE50 /* Vicinime-iOS */;
			targetProxy = B005F5B31B339B100091DE50 /* PBXContainerItemProxy */;
		};
/* End PBXTargetDependency section */

/* Begin PBXVariantGroup section */
		B005F5A61B339B100091DE50 /* Main.storyboard */ = {
			isa = PBXVariantGroup;
			children = (
				B005F5A71B339B100091DE50 /* Base */,
			);
			name = Main.storyboard;
			sourceTree = "<group>";
		};
		B005F5AB1B339B100091DE50 /* LaunchScreen.xib */ = {
			isa = PBXVariantGroup;
			children = (
				B005F5AC1B339B100091DE50 /* Base */,
			);
			name = LaunchScreen.xib;
			sourceTree = "<group>";
		};
/* End PBXVariantGroup section */

/* Begin XCBuildConfiguration section */
		B005F5BA1B339B100091DE50 /* Debug */ = {
			isa = XCBuildConfiguration;
			buildSettings = {
				ALWAYS_SEARCH_USER_PATHS = NO;
				CLANG_CXX_LANGUAGE_STANDARD = "gnu++0x";
				CLANG_CXX_LIBRARY = "libc++";
				CLANG_ENABLE_MODULES = YES;
				CLANG_ENABLE_OBJC_ARC = YES;
				CLANG_WARN_BOOL_CONVERSION = YES;
				CLANG_WARN_CONSTANT_CONVERSION = YES;
				CLANG_WARN_DIRECT_OBJC_ISA_USAGE = YES_ERROR;
				CLANG_WARN_EMPTY_BODY = YES;
				CLANG_WARN_ENUM_CONVERSION = YES;
				CLANG_WARN_INT_CONVERSION = YES;
				CLANG_WARN_OBJC_ROOT_CLASS = YES_ERROR;
				CLANG_WARN_UNREACHABLE_CODE = YES;
				CLANG_WARN__DUPLICATE_METHOD_MATCH = YES;
				"CODE_SIGN_IDENTITY[sdk=iphoneos*]" = "iPhone Developer";
				COPY_PHASE_STRIP = NO;
				DEBUG_INFORMATION_FORMAT = "dwarf-with-dsym";
				ENABLE_STRICT_OBJC_MSGSEND = YES;
				GCC_C_LANGUAGE_STANDARD = gnu99;
				GCC_DYNAMIC_NO_PIC = NO;
				GCC_NO_COMMON_BLOCKS = YES;
				GCC_OPTIMIZATION_LEVEL = 0;
				GCC_PREPROCESSOR_DEFINITIONS = (
					"DEBUG=1",
					"$(inherited)",
				);
				GCC_SYMBOLS_PRIVATE_EXTERN = NO;
				GCC_WARN_64_TO_32_BIT_CONVERSION = YES;
				GCC_WARN_ABOUT_RETURN_TYPE = YES_ERROR;
				GCC_WARN_UNDECLARED_SELECTOR = YES;
				GCC_WARN_UNINITIALIZED_AUTOS = YES_AGGRESSIVE;
				GCC_WARN_UNUSED_FUNCTION = YES;
				GCC_WARN_UNUSED_VARIABLE = YES;
				IPHONEOS_DEPLOYMENT_TARGET = 8.3;
				MTL_ENABLE_DEBUG_INFO = YES;
				ONLY_ACTIVE_ARCH = YES;
				SDKROOT = iphoneos;
				SWIFT_OPTIMIZATION_LEVEL = "-Onone";
				TARGETED_DEVICE_FAMILY = "1,2";
			};
			name = Debug;
		};
		B005F5BB1B339B100091DE50 /* Release */ = {
			isa = XCBuildConfiguration;
			buildSettings = {
				ALWAYS_SEARCH_USER_PATHS = NO;
				CLANG_CXX_LANGUAGE_STANDARD = "gnu++0x";
				CLANG_CXX_LIBRARY = "libc++";
				CLANG_ENABLE_MODULES = YES;
				CLANG_ENABLE_OBJC_ARC = YES;
				CLANG_WARN_BOOL_CONVERSION = YES;
				CLANG_WARN_CONSTANT_CONVERSION = YES;
				CLANG_WARN_DIRECT_OBJC_ISA_USAGE = YES_ERROR;
				CLANG_WARN_EMPTY_BODY = YES;
				CLANG_WARN_ENUM_CONVERSION = YES;
				CLANG_WARN_INT_CONVERSION = YES;
				CLANG_WARN_OBJC_ROOT_CLASS = YES_ERROR;
				CLANG_WARN_UNREACHABLE_CODE = YES;
				CLANG_WARN__DUPLICATE_METHOD_MATCH = YES;
				"CODE_SIGN_IDENTITY[sdk=iphoneos*]" = "iPhone Developer";
				COPY_PHASE_STRIP = NO;
				DEBUG_INFORMATION_FORMAT = "dwarf-with-dsym";
				ENABLE_NS_ASSERTIONS = NO;
				ENABLE_STRICT_OBJC_MSGSEND = YES;
				GCC_C_LANGUAGE_STANDARD = gnu99;
				GCC_NO_COMMON_BLOCKS = YES;
				GCC_WARN_64_TO_32_BIT_CONVERSION = YES;
				GCC_WARN_ABOUT_RETURN_TYPE = YES_ERROR;
				GCC_WARN_UNDECLARED_SELECTOR = YES;
				GCC_WARN_UNINITIALIZED_AUTOS = YES_AGGRESSIVE;
				GCC_WARN_UNUSED_FUNCTION = YES;
				GCC_WARN_UNUSED_VARIABLE = YES;
				IPHONEOS_DEPLOYMENT_TARGET = 8.3;
				MTL_ENABLE_DEBUG_INFO = NO;
				SDKROOT = iphoneos;
				TARGETED_DEVICE_FAMILY = "1,2";
				VALIDATE_PRODUCT = YES;
			};
			name = Release;
		};
		B005F5BD1B339B100091DE50 /* Debug */ = {
			isa = XCBuildConfiguration;
			buildSettings = {
				ASSETCATALOG_COMPILER_APPICON_NAME = AppIcon;
				INFOPLIST_FILE = "Vicinime-iOS/Info.plist";
				LD_RUNPATH_SEARCH_PATHS = "$(inherited) @executable_path/Frameworks";
				PRODUCT_NAME = "$(TARGET_NAME)";
			};
			name = Debug;
		};
		B005F5BE1B339B100091DE50 /* Release */ = {
			isa = XCBuildConfiguration;
			buildSettings = {
				ASSETCATALOG_COMPILER_APPICON_NAME = AppIcon;
				INFOPLIST_FILE = "Vicinime-iOS/Info.plist";
				LD_RUNPATH_SEARCH_PATHS = "$(inherited) @executable_path/Frameworks";
				PRODUCT_NAME = "$(TARGET_NAME)";
			};
			name = Release;
		};
		B005F5C01B339B100091DE50 /* Debug */ = {
			isa = XCBuildConfiguration;
			buildSettings = {
				BUNDLE_LOADER = "$(TEST_HOST)";
				FRAMEWORK_SEARCH_PATHS = (
					"$(SDKROOT)/Developer/Library/Frameworks",
					"$(inherited)",
				);
				GCC_PREPROCESSOR_DEFINITIONS = (
					"DEBUG=1",
					"$(inherited)",
				);
				INFOPLIST_FILE = "Vicinime-iOSTests/Info.plist";
				LD_RUNPATH_SEARCH_PATHS = "$(inherited) @executable_path/Frameworks @loader_path/Frameworks";
				PRODUCT_NAME = "$(TARGET_NAME)";
				TEST_HOST = "$(BUILT_PRODUCTS_DIR)/Vicinime-iOS.app/Vicinime-iOS";
			};
			name = Debug;
		};
		B005F5C11B339B100091DE50 /* Release */ = {
			isa = XCBuildConfiguration;
			buildSettings = {
				BUNDLE_LOADER = "$(TEST_HOST)";
				FRAMEWORK_SEARCH_PATHS = (
					"$(SDKROOT)/Developer/Library/Frameworks",
					"$(inherited)",
				);
				INFOPLIST_FILE = "Vicinime-iOSTests/Info.plist";
				LD_RUNPATH_SEARCH_PATHS = "$(inherited) @executable_path/Frameworks @loader_path/Frameworks";
				PRODUCT_NAME = "$(TARGET_NAME)";
				TEST_HOST = "$(BUILT_PRODUCTS_DIR)/Vicinime-iOS.app/Vicinime-iOS";
			};
			name = Release;
		};
/* End XCBuildConfiguration section */

/* Begin XCConfigurationList section */
		B005F5981B339B100091DE50 /* Build configuration list for PBXProject "Vicinime-iOS" */ = {
			isa = XCConfigurationList;
			buildConfigurations = (
				B005F5BA1B339B100091DE50 /* Debug */,
				B005F5BB1B339B100091DE50 /* Release */,
			);
			defaultConfigurationIsVisible = 0;
			defaultConfigurationName = Release;
		};
		B005F5BC1B339B100091DE50 /* Build configuration list for PBXNativeTarget "Vicinime-iOS" */ = {
			isa = XCConfigurationList;
			buildConfigurations = (
				B005F5BD1B339B100091DE50 /* Debug */,
				B005F5BE1B339B100091DE50 /* Release */,
			);
			defaultConfigurationIsVisible = 0;
		};
		B005F5BF1B339B100091DE50 /* Build configuration list for PBXNativeTarget "Vicinime-iOSTests" */ = {
			isa = XCConfigurationList;
			buildConfigurations = (
				B005F5C01B339B100091DE50 /* Debug */,
				B005F5C11B339B100091DE50 /* Release */,
			);
			defaultConfigurationIsVisible = 0;
		};
/* End XCConfigurationList section */
	};
	rootObject = B005F5951B339B100091DE50 /* Project object */;
}
